
Microsoft Visual Studio Solution File, Format Version 12.00
# Visual Studio Version 17
VisualStudioVersion = 17.0.31903.59
MinimumVisualStudioVersion = 10.0.40219.1
Project("{FAE04EC0-301F-11D3-BF4B-00C04F79EFBC}") = "IleCzekam.SharedKernel", "IleCzekam.SharedKernel\IleCzekam.SharedKernel.csproj", "{23F57580-A99C-4A24-BF06-0B96EA05CDA3}"
EndProject
Project("{FAE04EC0-301F-11D3-BF4B-00C04F79EFBC}") = "IleCzekam.Domain", "IleCzekam.Domain\IleCzekam.Domain.csproj", "{B0A656FB-DDCA-4755-8267-4ED8FA0D6A64}"
EndProject
Project("{FAE04EC0-301F-11D3-BF4B-00C04F79EFBC}") = "IleCzekam.Common", "IleCzekam.Common\IleCzekam.Common.csproj", "{4BA52CB1-2EFB-48D0-97CF-828B64EF929F}"
EndProject
Project("{FAE04EC0-301F-11D3-BF4B-00C04F79EFBC}") = "IleCzekam.Application", "IleCzekam.Application\IleCzekam.Application.csproj", "{30EBC534-7B6F-4F30-8EB6-F62337CDF11D}"
EndProject
Project("{FAE04EC0-301F-11D3-BF4B-00C04F79EFBC}") = "IleCzekam.Infrastructure", "IleCzekam.Infrastructure\IleCzekam.Infrastructure.csproj", "{F0653F11-9A55-4B81-8D92-B4CA3A9748EE}"
EndProject
Project("{FAE04EC0-301F-11D3-BF4B-00C04F79EFBC}") = "IleCzekam.API", "IleCzekam.API\IleCzekam.API.csproj", "{BADB58F9-66D1-4D95-87FB-73034B6077C1}"
EndProject
Project("{54A90642-561A-4BB1-A94E-469ADEE60C69}") = "IleCzekam.UI", "IleCzekam.UI\IleCzekam.UI.esproj", "{8D3F1B2A-6C41-4E9B-9D2E-5A7C0F3B81D4}"
EndProject
Project("{2150E333-8FDC-42A3-9474-1A3956D46DE8}") = "Etl", "Etl", "{1E2D8D39-8734-0DFC-3B2E-D38A34386C46}"
EndProject
Project("{FAE04EC0-301F-11D3-BF4B-00C04F79EFBC}") = "IleCzekam.Etl", "Etl\IleCzekam.Etl\IleCzekam.Etl.csproj", "{8299285E-13C7-44E8-8375-22E2C29B81B9}"
EndProject
Project("{FAE04EC0-301F-11D3-BF4B-00C04F79EFBC}") = "IleCzekam.Etl.Tests", "Etl\IleCzekam.Etl.Tests\IleCzekam.Etl.Tests.csproj", "{D79EAA0E-59DB-48A5-96C2-53BCBB3FF62B}"
EndProject
Global
	GlobalSection(SolutionConfigurationPlatforms) = preSolution
		Debug|Any CPU = Debug|Any CPU
		Debug|x64 = Debug|x64
		Debug|x86 = Debug|x86
		Release|Any CPU = Release|Any CPU
		Release|x64 = Release|x64
		Release|x86 = Release|x86
	EndGlobalSection
	GlobalSection(ProjectConfigurationPlatforms) = postSolution
		{23F57580-A99C-4A24-BF06-0B96EA05CDA3}.Debug|Any CPU.ActiveCfg = Debug|Any CPU
		{23F57580-A99C-4A24-BF06-0B96EA05CDA3}.Debug|Any CPU.Build.0 = Debug|Any CPU
		{23F57580-A99C-4A24-BF06-0B96EA05CDA3}.Debug|x64.ActiveCfg = Debug|Any CPU
		{23F57580-A99C-4A24-BF06-0B96EA05CDA3}.Debug|x64.Build.0 = Debug|Any CPU
		{23F57580-A99C-4A24-BF06-0B96EA05CDA3}.Debug|x86.ActiveCfg = Debug|Any CPU
		{23F57580-A99C-4A24-BF06-0B96EA05CDA3}.Debug|x86.Build.0 = Debug|Any CPU
		{23F57580-A99C-4A24-BF06-0B96EA05CDA3}.Release|Any CPU.ActiveCfg = Release|Any CPU
		{23F57580-A99C-4A24-BF06-0B96EA05CDA3}.Release|Any CPU.Build.0 = Release|Any CPU
		{23F57580-A99C-4A24-BF06-0B96EA05CDA3}.Release|x64.ActiveCfg = Release|Any CPU
		{23F57580-A99C-4A24-BF06-0B96EA05CDA3}.Release|x64.Build.0 = Release|Any CPU
		{23F57580-A99C-4A24-BF06-0B96EA05CDA3}.Release|x86.ActiveCfg = Release|Any CPU
		{23F57580-A99C-4A24-BF06-0B96EA05CDA3}.Release|x86.Build.0 = Release|Any CPU
		{B0A656FB-DDCA-4755-8267-4ED8FA0D6A64}.Debug|Any CPU.ActiveCfg = Debug|Any CPU
		{B0A656FB-DDCA-4755-8267-4ED8FA0D6A64}.Debug|Any CPU.Build.0 = Debug|Any CPU
		{B0A656FB-DDCA-4755-8267-4ED8FA0D6A64}.Debug|x64.ActiveCfg = Debug|Any CPU
		{B0A656FB-DDCA-4755-8267-4ED8FA0D6A64}.Debug|x64.Build.0 = Debug|Any CPU
		{B0A656FB-DDCA-4755-8267-4ED8FA0D6A64}.Debug|x86.ActiveCfg = Debug|Any CPU
		{B0A656FB-DDCA-4755-8267-4ED8FA0D6A64}.Debug|x86.Build.0 = Debug|Any CPU
		{B0A656FB-DDCA-4755-8267-4ED8FA0D6A64}.Release|Any CPU.ActiveCfg = Release|Any CPU
		{B0A656FB-DDCA-4755-8267-4ED8FA0D6A64}.Release|Any CPU.Build.0 = Release|Any CPU
		{B0A656FB-DDCA-4755-8267-4ED8FA0D6A64}.Release|x64.ActiveCfg = Release|Any CPU
		{B0A656FB-DDCA-4755-8267-4ED8FA0D6A64}.Release|x64.Build.0 = Release|Any CPU
		{B0A656FB-DDCA-4755-8267-4ED8FA0D6A64}.Release|x86.ActiveCfg = Release|Any CPU
		{B0A656FB-DDCA-4755-8267-4ED8FA0D6A64}.Release|x86.Build.0 = Release|Any CPU
		{4BA52CB1-2EFB-48D0-97CF-828B64EF929F}.Debug|Any CPU.ActiveCfg = Debug|Any CPU
		{4BA52CB1-2EFB-48D0-97CF-828B64EF929F}.Debug|Any CPU.Build.0 = Debug|Any CPU
		{4BA52CB1-2EFB-48D0-97CF-828B64EF929F}.Debug|x64.ActiveCfg = Debug|Any CPU
		{4BA52CB1-2EFB-48D0-97CF-828B64EF929F}.Debug|x64.Build.0 = Debug|Any CPU
		{4BA52CB1-2EFB-48D0-97CF-828B64EF929F}.Debug|x86.ActiveCfg = Debug|Any CPU
		{4BA52CB1-2EFB-48D0-97CF-828B64EF929F}.Debug|x86.Build.0 = Debug|Any CPU
		{4BA52CB1-2EFB-48D0-97CF-828B64EF929F}.Release|Any CPU.ActiveCfg = Release|Any CPU
		{4BA52CB1-2EFB-48D0-97CF-828B64EF929F}.Release|Any CPU.Build.0 = Release|Any CPU
		{4BA52CB1-2EFB-48D0-97CF-828B64EF929F}.Release|x64.ActiveCfg = Release|Any CPU
		{4BA52CB1-2EFB-48D0-97CF-828B64EF929F}.Release|x64.Build.0 = Release|Any CPU
		{4BA52CB1-2EFB-48D0-97CF-828B64EF929F}.Release|x86.ActiveCfg = Release|Any CPU
		{4BA52CB1-2EFB-48D0-97CF-828B64EF929F}.Release|x86.Build.0 = Release|Any CPU
		{30EBC534-7B6F-4F30-8EB6-F62337CDF11D}.Debug|Any CPU.ActiveCfg = Debug|Any CPU
		{30EBC534-7B6F-4F30-8EB6-F62337CDF11D}.Debug|Any CPU.Build.0 = Debug|Any CPU
		{30EBC534-7B6F-4F30-8EB6-F62337CDF11D}.Debug|x64.ActiveCfg = Debug|Any CPU
		{30EBC534-7B6F-4F30-8EB6-F62337CDF11D}.Debug|x64.Build.0 = Debug|Any CPU
		{30EBC534-7B6F-4F30-8EB6-F62337CDF11D}.Debug|x86.ActiveCfg = Debug|Any CPU
		{30EBC534-7B6F-4F30-8EB6-F62337CDF11D}.Debug|x86.Build.0 = Debug|Any CPU
		{30EBC534-7B6F-4F30-8EB6-F62337CDF11D}.Release|Any CPU.ActiveCfg = Release|Any CPU
		{30EBC534-7B6F-4F30-8EB6-F62337CDF11D}.Release|Any CPU.Build.0 = Release|Any CPU
		{30EBC534-7B6F-4F30-8EB6-F62337CDF11D}.Release|x64.ActiveCfg = Release|Any CPU
		{30EBC534-7B6F-4F30-8EB6-F62337CDF11D}.Release|x64.Build.0 = Release|Any CPU
		{30EBC534-7B6F-4F30-8EB6-F62337CDF11D}.Release|x86.ActiveCfg = Release|Any CPU
		{30EBC534-7B6F-4F30-8EB6-F62337CDF11D}.Release|x86.Build.0 = Release|Any CPU
		{F0653F11-9A55-4B81-8D92-B4CA3A9748EE}.Debug|Any CPU.ActiveCfg = Debug|Any CPU
		{F0653F11-9A55-4B81-8D92-B4CA3A9748EE}.Debug|Any CPU.Build.0 = Debug|Any CPU
		{F0653F11-9A55-4B81-8D92-B4CA3A9748EE}.Debug|x64.ActiveCfg = Debug|Any CPU
		{F0653F11-9A55-4B81-8D92-B4CA3A9748EE}.Debug|x64.Build.0 = Debug|Any CPU
		{F0653F11-9A55-4B81-8D92-B4CA3A9748EE}.Debug|x86.ActiveCfg = Debug|Any CPU
		{F0653F11-9A55-4B81-8D92-B4CA3A9748EE}.Debug|x86.Build.0 = Debug|Any CPU
		{F0653F11-9A55-4B81-8D92-B4CA3A9748EE}.Release|Any CPU.ActiveCfg = Release|Any CPU
		{F0653F11-9A55-4B81-8D92-B4CA3A9748EE}.Release|Any CPU.Build.0 = Release|Any CPU
		{F0653F11-9A55-4B81-8D92-B4CA3A9748EE}.Release|x64.ActiveCfg = Release|Any CPU
		{F0653F11-9A55-4B81-8D92-B4CA3A9748EE}.Release|x64.Build.0 = Release|Any CPU
		{F0653F11-9A55-4B81-8D92-B4CA3A9748EE}.Release|x86.ActiveCfg = Release|Any CPU
		{F0653F11-9A55-4B81-8D92-B4CA3A9748EE}.Release|x86.Build.0 = Release|Any CPU
		{BADB58F9-66D1-4D95-87FB-73034B6077C1}.Debug|Any CPU.ActiveCfg = Debug|Any CPU
		{BADB58F9-66D1-4D95-87FB-73034B6077C1}.Debug|Any CPU.Build.0 = Debug|Any CPU
		{BADB58F9-66D1-4D95-87FB-73034B6077C1}.Debug|x64.ActiveCfg = Debug|Any CPU
		{BADB58F9-66D1-4D95-87FB-73034B6077C1}.Debug|x64.Build.0 = Debug|Any CPU
		{BADB58F9-66D1-4D95-87FB-73034B6077C1}.Debug|x86.ActiveCfg = Debug|Any CPU
		{BADB58F9-66D1-4D95-87FB-73034B6077C1}.Debug|x86.Build.0 = Debug|Any CPU
		{BADB58F9-66D1-4D95-87FB-73034B6077C1}.Release|Any CPU.ActiveCfg = Release|Any CPU
		{BADB58F9-66D1-4D95-87FB-73034B6077C1}.Release|Any CPU.Build.0 = Release|Any CPU
		{BADB58F9-66D1-4D95-87FB-73034B6077C1}.Release|x64.ActiveCfg = Release|Any CPU
		{BADB58F9-66D1-4D95-87FB-73034B6077C1}.Release|x64.Build.0 = Release|Any CPU
		{BADB58F9-66D1-4D95-87FB-73034B6077C1}.Release|x86.ActiveCfg = Release|Any CPU
		{BADB58F9-66D1-4D95-87FB-73034B6077C1}.Release|x86.Build.0 = Release|Any CPU
		{8D3F1B2A-6C41-4E9B-9D2E-5A7C0F3B81D4}.Debug|Any CPU.ActiveCfg = Debug|Any CPU
		{8D3F1B2A-6C41-4E9B-9D2E-5A7C0F3B81D4}.Debug|Any CPU.Build.0 = Debug|Any CPU
		{8D3F1B2A-6C41-4E9B-9D2E-5A7C0F3B81D4}.Debug|Any CPU.Deploy.0 = Debug|Any CPU
		{8D3F1B2A-6C41-4E9B-9D2E-5A7C0F3B81D4}.Debug|x64.ActiveCfg = Debug|x64
		{8D3F1B2A-6C41-4E9B-9D2E-5A7C0F3B81D4}.Debug|x86.ActiveCfg = Debug|x86
		{8D3F1B2A-6C41-4E9B-9D2E-5A7C0F3B81D4}.Release|Any CPU.ActiveCfg = Release|Any CPU
		{8D3F1B2A-6C41-4E9B-9D2E-5A7C0F3B81D4}.Release|Any CPU.Build.0 = Release|Any CPU
		{8D3F1B2A-6C41-4E9B-9D2E-5A7C0F3B81D4}.Release|Any CPU.Deploy.0 = Release|Any CPU
		{8D3F1B2A-6C41-4E9B-9D2E-5A7C0F3B81D4}.Release|x64.ActiveCfg = Release|x64
		{8D3F1B2A-6C41-4E9B-9D2E-5A7C0F3B81D4}.Release|x86.ActiveCfg = Release|x86
		{8299285E-13C7-44E8-8375-22E2C29B81B9}.Debug|Any CPU.ActiveCfg = Debug|Any CPU
		{8299285E-13C7-44E8-8375-22E2C29B81B9}.Debug|Any CPU.Build.0 = Debug|Any CPU
		{8299285E-13C7-44E8-8375-22E2C29B81B9}.Debug|x64.ActiveCfg = Debug|Any CPU
		{8299285E-13C7-44E8-8375-22E2C29B81B9}.Debug|x64.Build.0 = Debug|Any CPU
		{8299285E-13C7-44E8-8375-22E2C29B81B9}.Debug|x86.ActiveCfg = Debug|Any CPU
		{8299285E-13C7-44E8-8375-22E2C29B81B9}.Debug|x86.Build.0 = Debug|Any CPU
		{8299285E-13C7-44E8-8375-22E2C29B81B9}.Release|Any CPU.ActiveCfg = Release|Any CPU
		{8299285E-13C7-44E8-8375-22E2C29B81B9}.Release|Any CPU.Build.0 = Release|Any CPU
		{8299285E-13C7-44E8-8375-22E2C29B81B9}.Release|x64.ActiveCfg = Release|Any CPU
		{8299285E-13C7-44E8-8375-22E2C29B81B9}.Release|x64.Build.0 = Release|Any CPU
		{8299285E-13C7-44E8-8375-22E2C29B81B9}.Release|x86.ActiveCfg = Release|Any CPU
		{8299285E-13C7-44E8-8375-22E2C29B81B9}.Release|x86.Build.0 = Release|Any CPU
		{D79EAA0E-59DB-48A5-96C2-53BCBB3FF62B}.Debug|Any CPU.ActiveCfg = Debug|Any CPU
		{D79EAA0E-59DB-48A5-96C2-53BCBB3FF62B}.Debug|Any CPU.Build.0 = Debug|Any CPU
		{D79EAA0E-59DB-48A5-96C2-53BCBB3FF62B}.Debug|x64.ActiveCfg = Debug|Any CPU
		{D79EAA0E-59DB-48A5-96C2-53BCBB3FF62B}.Debug|x64.Build.0 = Debug|Any CPU
		{D79EAA0E-59DB-48A5-96C2-53BCBB3FF62B}.Debug|x86.ActiveCfg = Debug|Any CPU
		{D79EAA0E-59DB-48A5-96C2-53BCBB3FF62B}.Debug|x86.Build.0 = Debug|Any CPU
		{D79EAA0E-59DB-48A5-96C2-53BCBB3FF62B}.Release|Any CPU.ActiveCfg = Release|Any CPU
		{D79EAA0E-59DB-48A5-96C2-53BCBB3FF62B}.Release|Any CPU.Build.0 = Release|Any CPU
		{D79EAA0E-59DB-48A5-96C2-53BCBB3FF62B}.Release|x64.ActiveCfg = Release|Any CPU
		{D79EAA0E-59DB-48A5-96C2-53BCBB3FF62B}.Release|x64.Build.0 = Release|Any CPU
		{D79EAA0E-59DB-48A5-96C2-53BCBB3FF62B}.Release|x86.ActiveCfg = Release|Any CPU
		{D79EAA0E-59DB-48A5-96C2-53BCBB3FF62B}.Release|x86.Build.0 = Release|Any CPU
	EndGlobalSection
	GlobalSection(SolutionProperties) = preSolution
		HideSolutionNode = FALSE
	EndGlobalSection
	GlobalSection(NestedProjects) = preSolution
		{8299285E-13C7-44E8-8375-22E2C29B81B9} = {1E2D8D39-8734-0DFC-3B2E-D38A34386C46}
		{D79EAA0E-59DB-48A5-96C2-53BCBB3FF62B} = {1E2D8D39-8734-0DFC-3B2E-D38A34386C46}
	EndGlobalSection
EndGlobal
